
Microsoft Visual Studio Solution File, Format Version 12.00
# Visual Studio Version 16
VisualStudioVersion = 16.0.28705.295
MinimumVisualStudioVersion = 10.0.40219.1
Project("{2150E333-8FDC-42A3-9474-1A3956D46DE8}") = "Ders1", "Ders1", "{E0B46C82-88F4-4F93-8586-28DCA3B626FF}"
EndProject
Project("{9A19103F-16F7-4668-BE54-9A1E7A4F7556}") = "CoreGiris", "CoreGiris\CoreGiris.csproj", "{C0358F7C-8ACA-426C-ACD4-2D28F958B550}"
EndProject
Project("{2150E333-8FDC-42A3-9474-1A3956D46DE8}") = "Ders2", "Ders2", "{80A8FA4E-BDDC-41DE-AE0E-9CD9F00CCD2C}"
EndProject
Project("{FAE04EC0-301F-11D3-BF4B-00C04F79EFBC}") = "CoreIdentity", "CoreIdentity\CoreIdentity.csproj", "{9434B4BB-7CBE-4A8B-8E40-5057A2C12D06}"
EndProject
Global
	GlobalSection(SolutionConfigurationPlatforms) = preSolution
		Debug|Any CPU = Debug|Any CPU
		Release|Any CPU = Release|Any CPU
	EndGlobalSection
	GlobalSection(ProjectConfigurationPlatforms) = postSolution
		{C0358F7C-8ACA-426C-ACD4-2D28F958B550}.Debug|Any CPU.ActiveCfg = Debug|Any CPU
		{C0358F7C-8ACA-426C-ACD4-2D28F958B550}.Debug|Any CPU.Build.0 = Debug|Any CPU
		{C0358F7C-8ACA-426C-ACD4-2D28F958B550}.Release|Any CPU.ActiveCfg = Release|Any CPU
		{C0358F7C-8ACA-426C-ACD4-2D28F958B550}.Release|Any CPU.Build.0 = Release|Any CPU
		{9434B4BB-7CBE-4A8B-8E40-5057A2C12D06}.Debug|Any CPU.ActiveCfg = Debug|Any CPU
		{9434B4BB-7CBE-4A8B-8E40-5057A2C12D06}.Debug|Any CPU.Build.0 = Debug|Any CPU
		{9434B4BB-7CBE-4A8B-8E40-5057A2C12D06}.Release|Any CPU.ActiveCfg = Release|Any CPU
		{9434B4BB-7CBE-4A8B-8E40-5057A2C12D06}.Release|Any CPU.Build.0 = Release|Any CPU
	EndGlobalSection
	GlobalSection(SolutionProperties) = preSolution
		HideSolutionNode = FALSE
	EndGlobalSection
	GlobalSection(NestedProjects) = preSolution
		{C0358F7C-8ACA-426C-ACD4-2D28F958B550} = {E0B46C82-88F4-4F93-8586-28DCA3B626FF}
		{9434B4BB-7CBE-4A8B-8E40-5057A2C12D06} = {80A8FA4E-BDDC-41DE-AE0E-9CD9F00CCD2C}
	EndGlobalSection
	GlobalSection(ExtensibilityGlobals) = postSolution
		SolutionGuid = {4FF3B252-91EF-4FEB-AA52-3B7157366A59}
	EndGlobalSection
EndGlobal
