
Microsoft Visual Studio Solution File, Format Version 12.00
# Visual Studio Version 16
VisualStudioVersion = 16.0.28705.295
MinimumVisualStudioVersion = 10.0.40219.1
Project("{2150E333-8FDC-42A3-9474-1A3956D46DE8}") = "Ders1", "Ders1", "{E0B46C82-88F4-4F93-8586-28DCA3B626FF}"
EndProject
Project("{9A19103F-16F7-4668-BE54-9A1E7A4F7556}") = "CoreGiris", "CoreGiris\CoreGiris.csproj", "{C0358F7C-8ACA-426C-ACD4-2D28F958B550}"
EndProject
Project("{2150E333-8FDC-42A3-9474-1A3956D46DE8}") = "Ders2", "Ders2", "{80A8FA4E-BDDC-41DE-AE0E-9CD9F00CCD2C}"
EndProject
Project("{9A19103F-16F7-4668-BE54-9A1E7A4F7556}") = "IdentityCore", "IdentityCore\IdentityCore.csproj", "{58EE15AC-BC19-4D42-8684-543AC6904E18}"
EndProject
Project("{2150E333-8FDC-42A3-9474-1A3956D46DE8}") = "Ders3", "Ders3", "{1FF658C6-2249-435F-A3B3-E97DB94EECF4}"
EndProject
Project("{FAE04EC0-301F-11D3-BF4B-00C04F79EFBC}") = "Kuzey.UI.Web", "Kuzey.UI.Web\Kuzey.UI.Web.csproj", "{677C267D-9B03-4114-8254-A7BD030D9A5A}"
EndProject
Project("{FAE04EC0-301F-11D3-BF4B-00C04F79EFBC}") = "Kuzey.Models", "Kuzey.Models\Kuzey.Models.csproj", "{A43CBC6C-364F-49AB-AE82-59A1A5B995A6}"
EndProject
Project("{FAE04EC0-301F-11D3-BF4B-00C04F79EFBC}") = "Kuzey.BLL", "Kuzey.BLL\Kuzey.BLL.csproj", "{76189A21-0B0D-41CA-A6DC-56FDF8AC2789}"
EndProject
Project("{FAE04EC0-301F-11D3-BF4B-00C04F79EFBC}") = "Kuzey.DAL", "Kuzey.DAL\Kuzey.DAL.csproj", "{0BB5CC2F-B20D-4E40-B9D0-497F39BF1229}"
EndProject
Global
	GlobalSection(SolutionConfigurationPlatforms) = preSolution
		Debug|Any CPU = Debug|Any CPU
		Release|Any CPU = Release|Any CPU
	EndGlobalSection
	GlobalSection(ProjectConfigurationPlatforms) = postSolution
		{C0358F7C-8ACA-426C-ACD4-2D28F958B550}.Debug|Any CPU.ActiveCfg = Debug|Any CPU
		{C0358F7C-8ACA-426C-ACD4-2D28F958B550}.Debug|Any CPU.Build.0 = Debug|Any CPU
		{C0358F7C-8ACA-426C-ACD4-2D28F958B550}.Release|Any CPU.ActiveCfg = Release|Any CPU
		{C0358F7C-8ACA-426C-ACD4-2D28F958B550}.Release|Any CPU.Build.0 = Release|Any CPU
		{58EE15AC-BC19-4D42-8684-543AC6904E18}.Debug|Any CPU.ActiveCfg = Debug|Any CPU
		{58EE15AC-BC19-4D42-8684-543AC6904E18}.Debug|Any CPU.Build.0 = Debug|Any CPU
		{58EE15AC-BC19-4D42-8684-543AC6904E18}.Release|Any CPU.ActiveCfg = Release|Any CPU
		{58EE15AC-BC19-4D42-8684-543AC6904E18}.Release|Any CPU.Build.0 = Release|Any CPU
		{677C267D-9B03-4114-8254-A7BD030D9A5A}.Debug|Any CPU.ActiveCfg = Debug|Any CPU
		{677C267D-9B03-4114-8254-A7BD030D9A5A}.Debug|Any CPU.Build.0 = Debug|Any CPU
		{677C267D-9B03-4114-8254-A7BD030D9A5A}.Release|Any CPU.ActiveCfg = Release|Any CPU
		{677C267D-9B03-4114-8254-A7BD030D9A5A}.Release|Any CPU.Build.0 = Release|Any CPU
		{A43CBC6C-364F-49AB-AE82-59A1A5B995A6}.Debug|Any CPU.ActiveCfg = Debug|Any CPU
		{A43CBC6C-364F-49AB-AE82-59A1A5B995A6}.Debug|Any CPU.Build.0 = Debug|Any CPU
		{A43CBC6C-364F-49AB-AE82-59A1A5B995A6}.Release|Any CPU.ActiveCfg = Release|Any CPU
		{A43CBC6C-364F-49AB-AE82-59A1A5B995A6}.Release|Any CPU.Build.0 = Release|Any CPU
		{76189A21-0B0D-41CA-A6DC-56FDF8AC2789}.Debug|Any CPU.ActiveCfg = Debug|Any CPU
		{76189A21-0B0D-41CA-A6DC-56FDF8AC2789}.Debug|Any CPU.Build.0 = Debug|Any CPU
		{76189A21-0B0D-41CA-A6DC-56FDF8AC2789}.Release|Any CPU.ActiveCfg = Release|Any CPU
		{76189A21-0B0D-41CA-A6DC-56FDF8AC2789}.Release|Any CPU.Build.0 = Release|Any CPU
		{0BB5CC2F-B20D-4E40-B9D0-497F39BF1229}.Debug|Any CPU.ActiveCfg = Debug|Any CPU
		{0BB5CC2F-B20D-4E40-B9D0-497F39BF1229}.Debug|Any CPU.Build.0 = Debug|Any CPU
		{0BB5CC2F-B20D-4E40-B9D0-497F39BF1229}.Release|Any CPU.ActiveCfg = Release|Any CPU
		{0BB5CC2F-B20D-4E40-B9D0-497F39BF1229}.Release|Any CPU.Build.0 = Release|Any CPU
	EndGlobalSection
	GlobalSection(SolutionProperties) = preSolution
		HideSolutionNode = FALSE
	EndGlobalSection
	GlobalSection(NestedProjects) = preSolution
		{C0358F7C-8ACA-426C-ACD4-2D28F958B550} = {E0B46C82-88F4-4F93-8586-28DCA3B626FF}
		{58EE15AC-BC19-4D42-8684-543AC6904E18} = {80A8FA4E-BDDC-41DE-AE0E-9CD9F00CCD2C}
		{677C267D-9B03-4114-8254-A7BD030D9A5A} = {1FF658C6-2249-435F-A3B3-E97DB94EECF4}
		{A43CBC6C-364F-49AB-AE82-59A1A5B995A6} = {1FF658C6-2249-435F-A3B3-E97DB94EECF4}
		{76189A21-0B0D-41CA-A6DC-56FDF8AC2789} = {1FF658C6-2249-435F-A3B3-E97DB94EECF4}
		{0BB5CC2F-B20D-4E40-B9D0-497F39BF1229} = {1FF658C6-2249-435F-A3B3-E97DB94EECF4}
	EndGlobalSection
	GlobalSection(ExtensibilityGlobals) = postSolution
		SolutionGuid = {4FF3B252-91EF-4FEB-AA52-3B7157366A59}
	EndGlobalSection
EndGlobal
